# This is a Gradle generated file for dependency locking.
# Manual edits can break the build and are not advised.
# This file is expected to be part of source control.
com.amazonaws:aws-java-sdk-core:1.12.228=aggregateCodeCoverageReportResults
com.amazonaws:aws-java-sdk-xray:1.12.228=aggregateCodeCoverageReportResults
com.amazonaws:aws-lambda-java-core:1.2.3=aggregateCodeCoverageReportResults
com.amazonaws:aws-lambda-java-events:3.11.3=aggregateCodeCoverageReportResults
com.amazonaws:aws-xray-recorder-sdk-aws-sdk-core:2.14.0=aggregateCodeCoverageReportResults
com.amazonaws:aws-xray-recorder-sdk-aws-sdk-v2-instrumentor:2.14.0=aggregateCodeCoverageReportResults
com.amazonaws:aws-xray-recorder-sdk-aws-sdk-v2:2.14.0=aggregateCodeCoverageReportResults
com.amazonaws:aws-xray-recorder-sdk-core:2.14.0=aggregateCodeCoverageReportResults
com.amazonaws:jmespath-java:1.12.228=aggregateCodeCoverageReportResults
com.fasterxml.jackson.core:jackson-annotations:2.15.2=aggregateCodeCoverageReportResults
com.fasterxml.jackson.core:jackson-core:2.15.2=aggregateCodeCoverageReportResults
com.fasterxml.jackson.core:jackson-databind:2.15.2=aggregateCodeCoverageReportResults
com.fasterxml.jackson.dataformat:jackson-dataformat-cbor:2.15.2=aggregateCodeCoverageReportResults
com.fasterxml.jackson.dataformat:jackson-dataformat-xml:2.15.2=aggregateCodeCoverageReportResults
com.fasterxml.jackson.datatype:jackson-datatype-jsr310:2.15.2=aggregateCodeCoverageReportResults
com.fasterxml.jackson:jackson-bom:2.15.2=aggregateCodeCoverageReportResults
com.fasterxml.woodstox:woodstox-core:6.5.1=aggregateCodeCoverageReportResults
com.hierynomus:asn-one:0.6.0=aggregateCodeCoverageReportResults
com.hierynomus:sshj:0.36.0=aggregateCodeCoverageReportResults
commons-codec:commons-codec:1.15=aggregateCodeCoverageReportResults
commons-logging:commons-logging:1.2=aggregateCodeCoverageReportResults
io.netty:netty-buffer:4.1.94.Final=aggregateCodeCoverageReportResults
io.netty:netty-codec-http2:4.1.94.Final=aggregateCodeCoverageReportResults
io.netty:netty-codec-http:4.1.94.Final=aggregateCodeCoverageReportResults
io.netty:netty-codec:4.1.94.Final=aggregateCodeCoverageReportResults
io.netty:netty-common:4.1.94.Final=aggregateCodeCoverageReportResults
io.netty:netty-handler:4.1.94.Final=aggregateCodeCoverageReportResults
io.netty:netty-resolver:4.1.94.Final=aggregateCodeCoverageReportResults
io.netty:netty-transport-classes-epoll:4.1.94.Final=aggregateCodeCoverageReportResults
io.netty:netty-transport-native-unix-common:4.1.94.Final=aggregateCodeCoverageReportResults
io.netty:netty-transport:4.1.94.Final=aggregateCodeCoverageReportResults
joda-time:joda-time:2.10.8=aggregateCodeCoverageReportResults
net.i2p.crypto:eddsa:0.3.0=aggregateCodeCoverageReportResults
org.apache.httpcomponents:httpclient:4.5.13=aggregateCodeCoverageReportResults
org.apache.httpcomponents:httpcore:4.4.13=aggregateCodeCoverageReportResults
org.apache.logging.log4j:log4j-api:2.20.0=aggregateCodeCoverageReportResults
org.apache.logging.log4j:log4j-core:2.20.0=aggregateCodeCoverageReportResults
org.apache.logging.log4j:log4j-layout-template-json:2.20.0=aggregateCodeCoverageReportResults
org.apache.logging.log4j:log4j-slf4j2-impl:2.20.0=aggregateCodeCoverageReportResults
org.aspectj:aspectjrt:1.9.20.1=aggregateCodeCoverageReportResults
org.bouncycastle:bcpkix-jdk18on:1.75=aggregateCodeCoverageReportResults
org.bouncycastle:bcprov-jdk18on:1.75=aggregateCodeCoverageReportResults
org.bouncycastle:bcutil-jdk18on:1.75=aggregateCodeCoverageReportResults
org.codehaus.woodstox:stax2-api:4.2.1=aggregateCodeCoverageReportResults
org.jacoco:org.jacoco.agent:0.8.9=jacocoAgent,jacocoAnt
org.jacoco:org.jacoco.ant:0.8.9=jacocoAnt
org.jacoco:org.jacoco.core:0.8.9=jacocoAnt
org.jacoco:org.jacoco.report:0.8.9=jacocoAnt
org.javatuples:javatuples:1.2=aggregateCodeCoverageReportResults
org.ow2.asm:asm-commons:9.5=jacocoAnt
org.ow2.asm:asm-tree:9.5=jacocoAnt
org.ow2.asm:asm:9.5=jacocoAnt
org.reactivestreams:reactive-streams:1.0.4=aggregateCodeCoverageReportResults
org.slf4j:slf4j-api:2.0.7=aggregateCodeCoverageReportResults
software.amazon.awssdk:annotations:2.20.160=aggregateCodeCoverageReportResults
software.amazon.awssdk:apache-client:2.20.160=aggregateCodeCoverageReportResults
software.amazon.awssdk:arns:2.20.160=aggregateCodeCoverageReportResults
software.amazon.awssdk:auth:2.20.160=aggregateCodeCoverageReportResults
software.amazon.awssdk:aws-core:2.20.160=aggregateCodeCoverageReportResults
software.amazon.awssdk:aws-json-protocol:2.20.160=aggregateCodeCoverageReportResults
software.amazon.awssdk:aws-query-protocol:2.20.160=aggregateCodeCoverageReportResults
software.amazon.awssdk:aws-xml-protocol:2.20.160=aggregateCodeCoverageReportResults
software.amazon.awssdk:bom:2.20.160=aggregateCodeCoverageReportResults
software.amazon.awssdk:cognitoidentityprovider:2.20.160=aggregateCodeCoverageReportResults
software.amazon.awssdk:crt-core:2.20.160=aggregateCodeCoverageReportResults
software.amazon.awssdk:endpoints-spi:2.20.160=aggregateCodeCoverageReportResults
software.amazon.awssdk:http-client-spi:2.20.160=aggregateCodeCoverageReportResults
software.amazon.awssdk:json-utils:2.20.160=aggregateCodeCoverageReportResults
software.amazon.awssdk:metrics-spi:2.20.160=aggregateCodeCoverageReportResults
software.amazon.awssdk:netty-nio-client:2.20.160=aggregateCodeCoverageReportResults
software.amazon.awssdk:profiles:2.20.160=aggregateCodeCoverageReportResults
software.amazon.awssdk:protocol-core:2.20.160=aggregateCodeCoverageReportResults
software.amazon.awssdk:regions:2.20.160=aggregateCodeCoverageReportResults
software.amazon.awssdk:s3:2.20.160=aggregateCodeCoverageReportResults
software.amazon.awssdk:sdk-core:2.20.160=aggregateCodeCoverageReportResults
software.amazon.awssdk:secretsmanager:2.20.160=aggregateCodeCoverageReportResults
software.amazon.awssdk:sns:2.20.160=aggregateCodeCoverageReportResults
software.amazon.awssdk:sqs:2.20.160=aggregateCodeCoverageReportResults
software.amazon.awssdk:third-party-jackson-core:2.20.160=aggregateCodeCoverageReportResults
software.amazon.awssdk:utils:2.20.160=aggregateCodeCoverageReportResults
software.amazon.cloudwatchlogs:aws-embedded-metrics:1.0.6=aggregateCodeCoverageReportResults
software.amazon.eventstream:eventstream:1.0.1=aggregateCodeCoverageReportResults
software.amazon.ion:ion-java:1.0.2=aggregateCodeCoverageReportResults
software.amazon.lambda:powertools-core:1.17.0=aggregateCodeCoverageReportResults
software.amazon.lambda:powertools-logging:1.17.0=aggregateCodeCoverageReportResults
software.amazon.lambda:powertools-metrics:1.17.0=aggregateCodeCoverageReportResults
software.amazon.lambda:powertools-tracing:1.17.0=aggregateCodeCoverageReportResults
empty=annotationProcessor,compileClasspath,runtimeClasspath,testAnnotationProcessor,testCompileClasspath,testRuntimeClasspath
