# This is a Gradle generated file for dependency locking.
# Manual edits can break the build and are not advised.
# This file is expected to be part of source control.
com.amazonaws:aws-java-sdk-core:1.12.228=aspect,compileClasspath,runtimeClasspath,testCompileClasspath,testFixturesRuntimeClasspath,testRuntimeClasspath
com.amazonaws:aws-java-sdk-xray:1.12.228=aspect,compileClasspath,runtimeClasspath,testCompileClasspath,testFixturesRuntimeClasspath,testRuntimeClasspath
com.amazonaws:aws-lambda-java-core:1.2.3=aspect,compileClasspath,runtimeClasspath,testCompileClasspath,testFixturesRuntimeClasspath,testRuntimeClasspath
com.amazonaws:aws-lambda-java-events:3.11.3=compileClasspath,runtimeClasspath,testCompileClasspath,testFixturesRuntimeClasspath,testRuntimeClasspath
com.amazonaws:aws-xray-recorder-sdk-aws-sdk-core:2.14.0=aspect,compileClasspath,runtimeClasspath,testCompileClasspath,testFixturesRuntimeClasspath,testRuntimeClasspath
com.amazonaws:aws-xray-recorder-sdk-aws-sdk-v2-instrumentor:2.14.0=aspect,compileClasspath,runtimeClasspath,testCompileClasspath,testFixturesRuntimeClasspath,testRuntimeClasspath
com.amazonaws:aws-xray-recorder-sdk-aws-sdk-v2:2.14.0=aspect,compileClasspath,runtimeClasspath,testCompileClasspath,testFixturesRuntimeClasspath,testRuntimeClasspath
com.amazonaws:aws-xray-recorder-sdk-core:2.14.0=aspect,compileClasspath,runtimeClasspath,testCompileClasspath,testFixturesRuntimeClasspath,testRuntimeClasspath
com.amazonaws:jmespath-java:1.12.228=aspect,compileClasspath,runtimeClasspath,testCompileClasspath,testFixturesRuntimeClasspath,testRuntimeClasspath
com.fasterxml.jackson.core:jackson-annotations:2.15.2=aspect,compileClasspath,runtimeClasspath,testCompileClasspath,testFixturesRuntimeClasspath,testRuntimeClasspath
com.fasterxml.jackson.core:jackson-core:2.15.2=aspect,compileClasspath,runtimeClasspath,testCompileClasspath,testFixturesRuntimeClasspath,testRuntimeClasspath
com.fasterxml.jackson.core:jackson-databind:2.15.2=aspect,compileClasspath,runtimeClasspath,testCompileClasspath,testFixturesRuntimeClasspath,testRuntimeClasspath
com.fasterxml.jackson.dataformat:jackson-dataformat-cbor:2.15.2=aspect,compileClasspath,runtimeClasspath,testCompileClasspath,testFixturesRuntimeClasspath,testRuntimeClasspath
com.fasterxml.jackson.dataformat:jackson-dataformat-xml:2.15.2=compileClasspath,runtimeClasspath,testCompileClasspath,testFixturesRuntimeClasspath,testRuntimeClasspath
com.fasterxml.jackson.datatype:jackson-datatype-jsr310:2.15.2=compileClasspath,runtimeClasspath,testCompileClasspath,testFixturesRuntimeClasspath,testRuntimeClasspath
com.fasterxml.jackson:jackson-bom:2.15.2=aspect,compileClasspath,runtimeClasspath,testCompileClasspath,testFixturesRuntimeClasspath,testRuntimeClasspath
com.fasterxml.woodstox:woodstox-core:6.5.1=compileClasspath,runtimeClasspath,testCompileClasspath,testFixturesRuntimeClasspath,testRuntimeClasspath
commons-codec:commons-codec:1.15=aspect,compileClasspath,runtimeClasspath,testCompileClasspath,testFixturesRuntimeClasspath,testRuntimeClasspath
commons-logging:commons-logging:1.2=aspect,compileClasspath,runtimeClasspath,testCompileClasspath,testFixturesRuntimeClasspath,testRuntimeClasspath
io.netty:netty-buffer:4.1.94.Final=runtimeClasspath,testFixturesRuntimeClasspath,testRuntimeClasspath
io.netty:netty-codec-http2:4.1.94.Final=runtimeClasspath,testFixturesRuntimeClasspath,testRuntimeClasspath
io.netty:netty-codec-http:4.1.94.Final=runtimeClasspath,testFixturesRuntimeClasspath,testRuntimeClasspath
io.netty:netty-codec:4.1.94.Final=runtimeClasspath,testFixturesRuntimeClasspath,testRuntimeClasspath
io.netty:netty-common:4.1.94.Final=runtimeClasspath,testFixturesRuntimeClasspath,testRuntimeClasspath
io.netty:netty-handler:4.1.94.Final=runtimeClasspath,testFixturesRuntimeClasspath,testRuntimeClasspath
io.netty:netty-resolver:4.1.94.Final=runtimeClasspath,testFixturesRuntimeClasspath,testRuntimeClasspath
io.netty:netty-transport-classes-epoll:4.1.94.Final=runtimeClasspath,testFixturesRuntimeClasspath,testRuntimeClasspath
io.netty:netty-transport-native-unix-common:4.1.94.Final=runtimeClasspath,testFixturesRuntimeClasspath,testRuntimeClasspath
io.netty:netty-transport:4.1.94.Final=runtimeClasspath,testFixturesRuntimeClasspath,testRuntimeClasspath
joda-time:joda-time:2.10.8=compileClasspath,runtimeClasspath,testCompileClasspath,testFixturesRuntimeClasspath,testRuntimeClasspath
joda-time:joda-time:2.8.1=aspect
net.bytebuddy:byte-buddy-agent:1.14.6=testCompileClasspath,testRuntimeClasspath
net.bytebuddy:byte-buddy:1.14.6=testCompileClasspath,testRuntimeClasspath
org.apache.httpcomponents:httpclient:4.5.13=aspect,compileClasspath,runtimeClasspath,testCompileClasspath,testFixturesRuntimeClasspath,testRuntimeClasspath
org.apache.httpcomponents:httpcore:4.4.13=aspect,compileClasspath,runtimeClasspath,testCompileClasspath,testFixturesRuntimeClasspath,testRuntimeClasspath
org.apache.logging.log4j:log4j-api:2.20.0=aspect,compileClasspath,runtimeClasspath,testCompileClasspath,testFixturesRuntimeClasspath,testRuntimeClasspath
org.apache.logging.log4j:log4j-core:2.20.0=aspect,compileClasspath,runtimeClasspath,testCompileClasspath,testFixturesRuntimeClasspath,testRuntimeClasspath
org.apache.logging.log4j:log4j-layout-template-json:2.20.0=aspect,compileClasspath,runtimeClasspath,testCompileClasspath,testFixturesRuntimeClasspath,testRuntimeClasspath
org.apache.logging.log4j:log4j-slf4j2-impl:2.20.0=aspect,compileClasspath,runtimeClasspath,testCompileClasspath,testFixturesRuntimeClasspath,testRuntimeClasspath
org.apiguardian:apiguardian-api:1.1.2=testCompileClasspath
org.aspectj:aspectjrt:1.9.20.1=compileClasspath,runtimeClasspath,testCompileClasspath,testFixturesRuntimeClasspath,testRuntimeClasspath
org.aspectj:aspectjrt:1.9.7=aspect
org.codehaus.woodstox:stax2-api:4.2.1=compileClasspath,runtimeClasspath,testCompileClasspath,testFixturesRuntimeClasspath,testRuntimeClasspath
org.jacoco:org.jacoco.agent:0.8.9=jacocoAgent,jacocoAnt
org.jacoco:org.jacoco.ant:0.8.9=jacocoAnt
org.jacoco:org.jacoco.core:0.8.9=jacocoAnt
org.jacoco:org.jacoco.report:0.8.9=jacocoAnt
org.junit.jupiter:junit-jupiter-api:5.10.0=testCompileClasspath,testRuntimeClasspath
org.junit.jupiter:junit-jupiter-engine:5.10.0=testRuntimeClasspath
org.junit.jupiter:junit-jupiter-params:5.10.0=testCompileClasspath,testRuntimeClasspath
org.junit.jupiter:junit-jupiter:5.10.0=testCompileClasspath,testRuntimeClasspath
org.junit.platform:junit-platform-commons:1.10.0=testCompileClasspath,testRuntimeClasspath
org.junit.platform:junit-platform-engine:1.10.0=testRuntimeClasspath
org.junit:junit-bom:5.10.0=testCompileClasspath,testRuntimeClasspath
org.mockito:mockito-core:5.5.0=testCompileClasspath,testRuntimeClasspath
org.mockito:mockito-junit-jupiter:5.5.0=testCompileClasspath,testRuntimeClasspath
org.objenesis:objenesis:3.3=testRuntimeClasspath
org.opentest4j:opentest4j:1.3.0=testCompileClasspath,testRuntimeClasspath
org.ow2.asm:asm-commons:9.5=jacocoAnt
org.ow2.asm:asm-tree:9.5=jacocoAnt
org.ow2.asm:asm:9.5=jacocoAnt
org.reactivestreams:reactive-streams:1.0.3=aspect
org.reactivestreams:reactive-streams:1.0.4=compileClasspath,runtimeClasspath,testCompileClasspath,testFixturesRuntimeClasspath,testRuntimeClasspath
org.slf4j:slf4j-api:2.0.6=aspect,compileClasspath,runtimeClasspath,testCompileClasspath,testFixturesRuntimeClasspath,testRuntimeClasspath
software.amazon.awssdk:annotations:2.20.129=aspect
software.amazon.awssdk:annotations:2.20.142=compileClasspath,runtimeClasspath,testCompileClasspath,testFixturesRuntimeClasspath,testRuntimeClasspath
software.amazon.awssdk:apache-client:2.20.142=runtimeClasspath,testFixturesRuntimeClasspath,testRuntimeClasspath
software.amazon.awssdk:arns:2.20.142=compileClasspath,runtimeClasspath,testCompileClasspath,testFixturesRuntimeClasspath,testRuntimeClasspath
software.amazon.awssdk:auth:2.20.129=aspect
software.amazon.awssdk:auth:2.20.142=compileClasspath,runtimeClasspath,testCompileClasspath,testFixturesRuntimeClasspath,testRuntimeClasspath
software.amazon.awssdk:aws-core:2.20.129=aspect
software.amazon.awssdk:aws-core:2.20.142=compileClasspath,runtimeClasspath,testCompileClasspath,testFixturesRuntimeClasspath,testRuntimeClasspath
software.amazon.awssdk:aws-json-protocol:2.20.142=compileClasspath,runtimeClasspath,testCompileClasspath,testFixturesRuntimeClasspath,testRuntimeClasspath
software.amazon.awssdk:aws-query-protocol:2.20.142=compileClasspath,runtimeClasspath,testCompileClasspath,testFixturesRuntimeClasspath,testRuntimeClasspath
software.amazon.awssdk:aws-xml-protocol:2.20.142=compileClasspath,runtimeClasspath,testCompileClasspath,testFixturesRuntimeClasspath,testRuntimeClasspath
software.amazon.awssdk:bom:2.20.142=compileClasspath,runtimeClasspath,testCompileClasspath,testFixturesRuntimeClasspath,testRuntimeClasspath
software.amazon.awssdk:cognitoidentityprovider:2.20.142=compileClasspath,runtimeClasspath,testCompileClasspath,testFixturesRuntimeClasspath,testRuntimeClasspath
software.amazon.awssdk:crt-core:2.20.142=compileClasspath,runtimeClasspath,testCompileClasspath,testFixturesRuntimeClasspath,testRuntimeClasspath
software.amazon.awssdk:endpoints-spi:2.20.129=aspect
software.amazon.awssdk:endpoints-spi:2.20.142=compileClasspath,runtimeClasspath,testCompileClasspath,testFixturesRuntimeClasspath,testRuntimeClasspath
software.amazon.awssdk:http-client-spi:2.20.129=aspect
software.amazon.awssdk:http-client-spi:2.20.142=compileClasspath,runtimeClasspath,testCompileClasspath,testFixturesRuntimeClasspath,testRuntimeClasspath
software.amazon.awssdk:json-utils:2.20.129=aspect
software.amazon.awssdk:json-utils:2.20.142=compileClasspath,runtimeClasspath,testCompileClasspath,testFixturesRuntimeClasspath,testRuntimeClasspath
software.amazon.awssdk:metrics-spi:2.20.129=aspect
software.amazon.awssdk:metrics-spi:2.20.142=compileClasspath,runtimeClasspath,testCompileClasspath,testFixturesRuntimeClasspath,testRuntimeClasspath
software.amazon.awssdk:netty-nio-client:2.20.142=runtimeClasspath,testFixturesRuntimeClasspath,testRuntimeClasspath
software.amazon.awssdk:profiles:2.20.129=aspect
software.amazon.awssdk:profiles:2.20.142=compileClasspath,runtimeClasspath,testCompileClasspath,testFixturesRuntimeClasspath,testRuntimeClasspath
software.amazon.awssdk:protocol-core:2.20.142=compileClasspath,runtimeClasspath,testCompileClasspath,testFixturesRuntimeClasspath,testRuntimeClasspath
software.amazon.awssdk:regions:2.20.129=aspect
software.amazon.awssdk:regions:2.20.142=compileClasspath,runtimeClasspath,testCompileClasspath,testFixturesRuntimeClasspath,testRuntimeClasspath
software.amazon.awssdk:s3:2.20.142=compileClasspath,runtimeClasspath,testCompileClasspath,testFixturesRuntimeClasspath,testRuntimeClasspath
software.amazon.awssdk:sdk-core:2.20.129=aspect
software.amazon.awssdk:sdk-core:2.20.142=compileClasspath,runtimeClasspath,testCompileClasspath,testFixturesRuntimeClasspath,testRuntimeClasspath
software.amazon.awssdk:secretsmanager:2.20.142=compileClasspath,runtimeClasspath,testCompileClasspath,testFixturesRuntimeClasspath,testRuntimeClasspath
software.amazon.awssdk:sns:2.20.142=compileClasspath,runtimeClasspath,testCompileClasspath,testFixturesRuntimeClasspath,testRuntimeClasspath
software.amazon.awssdk:sqs:2.20.142=compileClasspath,runtimeClasspath,testCompileClasspath,testFixturesRuntimeClasspath,testRuntimeClasspath
software.amazon.awssdk:third-party-jackson-core:2.20.129=aspect
software.amazon.awssdk:third-party-jackson-core:2.20.142=compileClasspath,runtimeClasspath,testCompileClasspath,testFixturesRuntimeClasspath,testRuntimeClasspath
software.amazon.awssdk:utils:2.20.129=aspect
software.amazon.awssdk:utils:2.20.142=compileClasspath,runtimeClasspath,testCompileClasspath,testFixturesRuntimeClasspath,testRuntimeClasspath
software.amazon.eventstream:eventstream:1.0.1=aspect,compileClasspath,runtimeClasspath,testCompileClasspath,testFixturesRuntimeClasspath,testRuntimeClasspath
software.amazon.ion:ion-java:1.0.2=aspect,compileClasspath,runtimeClasspath,testCompileClasspath,testFixturesRuntimeClasspath,testRuntimeClasspath
software.amazon.lambda:powertools-core:1.17.0=aspect,compileClasspath,runtimeClasspath,testCompileClasspath,testFixturesRuntimeClasspath,testRuntimeClasspath
software.amazon.lambda:powertools-logging:1.17.0=aspect,compileClasspath,runtimeClasspath,testCompileClasspath,testFixturesRuntimeClasspath,testRuntimeClasspath
software.amazon.lambda:powertools-tracing:1.17.0=aspect,compileClasspath,runtimeClasspath,testCompileClasspath,testFixturesRuntimeClasspath,testRuntimeClasspath
empty=annotationProcessor,inpath,testAnnotationProcessor,testAspect,testFixturesAnnotationProcessor,testFixturesAspect,testFixturesCompileClasspath,testFixturesInpath,testInpath
